
Microsoft Visual Studio Solution File, Format Version 12.00
# Visual Studio Version 16
VisualStudioVersion = 16.0.31728.76
MinimumVisualStudioVersion = 10.0.40219.1
Project("{FAE04EC0-301F-11D3-BF4B-00C04F79EFBC}") = "MathTrap.Android", "MathTrap.Android\MathTrap.Android.csproj", "{9665512A-50D0-4CA0-A80B-8840132FBA21}"
EndProject
Project("{FAE04EC0-301F-11D3-BF4B-00C04F79EFBC}") = "MathTrap.iOS", "MathTrap.iOS\MathTrap.iOS.csproj", "{8E114A96-0A89-488B-90C0-1364907D6540}"
EndProject
Project("{9A19103F-16F7-4668-BE54-9A1E7A4F7556}") = "MathTrap", "MathTrap\MathTrap.csproj", "{2D0AB4EF-80A0-4A51-BA4D-A36191B5B254}"
EndProject
Global
	GlobalSection(SolutionConfigurationPlatforms) = preSolution
		Debug|Any CPU = Debug|Any CPU
		Debug|iPhone = Debug|iPhone
		Debug|iPhoneSimulator = Debug|iPhoneSimulator
		Release|Any CPU = Release|Any CPU
		Release|iPhone = Release|iPhone
		Release|iPhoneSimulator = Release|iPhoneSimulator
	EndGlobalSection
	GlobalSection(ProjectConfigurationPlatforms) = postSolution
		{9665512A-50D0-4CA0-A80B-8840132FBA21}.Debug|Any CPU.ActiveCfg = Debug|Any CPU
		{9665512A-50D0-4CA0-A80B-8840132FBA21}.Debug|Any CPU.Build.0 = Debug|Any CPU
		{9665512A-50D0-4CA0-A80B-8840132FBA21}.Debug|Any CPU.Deploy.0 = Debug|Any CPU
		{9665512A-50D0-4CA0-A80B-8840132FBA21}.Debug|iPhone.ActiveCfg = Debug|Any CPU
		{9665512A-50D0-4CA0-A80B-8840132FBA21}.Debug|iPhone.Build.0 = Debug|Any CPU
		{9665512A-50D0-4CA0-A80B-8840132FBA21}.Debug|iPhone.Deploy.0 = Debug|Any CPU
		{9665512A-50D0-4CA0-A80B-8840132FBA21}.Debug|iPhoneSimulator.ActiveCfg = Debug|Any CPU
		{9665512A-50D0-4CA0-A80B-8840132FBA21}.Debug|iPhoneSimulator.Build.0 = Debug|Any CPU
		{9665512A-50D0-4CA0-A80B-8840132FBA21}.Debug|iPhoneSimulator.Deploy.0 = Debug|Any CPU
		{9665512A-50D0-4CA0-A80B-8840132FBA21}.Release|Any CPU.ActiveCfg = Release|Any CPU
		{9665512A-50D0-4CA0-A80B-8840132FBA21}.Release|Any CPU.Build.0 = Release|Any CPU
		{9665512A-50D0-4CA0-A80B-8840132FBA21}.Release|Any CPU.Deploy.0 = Release|Any CPU
		{9665512A-50D0-4CA0-A80B-8840132FBA21}.Release|iPhone.ActiveCfg = Release|Any CPU
		{9665512A-50D0-4CA0-A80B-8840132FBA21}.Release|iPhone.Build.0 = Release|Any CPU
		{9665512A-50D0-4CA0-A80B-8840132FBA21}.Release|iPhone.Deploy.0 = Release|Any CPU
		{9665512A-50D0-4CA0-A80B-8840132FBA21}.Release|iPhoneSimulator.ActiveCfg = Release|Any CPU
		{9665512A-50D0-4CA0-A80B-8840132FBA21}.Release|iPhoneSimulator.Build.0 = Release|Any CPU
		{9665512A-50D0-4CA0-A80B-8840132FBA21}.Release|iPhoneSimulator.Deploy.0 = Release|Any CPU
		{8E114A96-0A89-488B-90C0-1364907D6540}.Debug|Any CPU.ActiveCfg = Debug|iPhoneSimulator
		{8E114A96-0A89-488B-90C0-1364907D6540}.Debug|Any CPU.Build.0 = Debug|iPhoneSimulator
		{8E114A96-0A89-488B-90C0-1364907D6540}.Debug|Any CPU.Deploy.0 = Debug|iPhoneSimulator
		{8E114A96-0A89-488B-90C0-1364907D6540}.Debug|iPhone.ActiveCfg = Debug|iPhoneSimulator
		{8E114A96-0A89-488B-90C0-1364907D6540}.Debug|iPhone.Build.0 = Debug|iPhoneSimulator
		{8E114A96-0A89-488B-90C0-1364907D6540}.Debug|iPhone.Deploy.0 = Debug|iPhoneSimulator
		{8E114A96-0A89-488B-90C0-1364907D6540}.Debug|iPhoneSimulator.ActiveCfg = Debug|iPhoneSimulator
		{8E114A96-0A89-488B-90C0-1364907D6540}.Debug|iPhoneSimulator.Build.0 = Debug|iPhoneSimulator
		{8E114A96-0A89-488B-90C0-1364907D6540}.Debug|iPhoneSimulator.Deploy.0 = Debug|iPhoneSimulator
		{8E114A96-0A89-488B-90C0-1364907D6540}.Release|Any CPU.ActiveCfg = Release|iPhone
		{8E114A96-0A89-488B-90C0-1364907D6540}.Release|Any CPU.Build.0 = Release|iPhone
		{8E114A96-0A89-488B-90C0-1364907D6540}.Release|Any CPU.Deploy.0 = Release|iPhone
		{8E114A96-0A89-488B-90C0-1364907D6540}.Release|iPhone.ActiveCfg = Release|iPhone
		{8E114A96-0A89-488B-90C0-1364907D6540}.Release|iPhone.Build.0 = Release|iPhone
		{8E114A96-0A89-488B-90C0-1364907D6540}.Release|iPhone.Deploy.0 = Release|iPhone
		{8E114A96-0A89-488B-90C0-1364907D6540}.Release|iPhoneSimulator.ActiveCfg = Release|iPhoneSimulator
		{8E114A96-0A89-488B-90C0-1364907D6540}.Release|iPhoneSimulator.Build.0 = Release|iPhoneSimulator
		{8E114A96-0A89-488B-90C0-1364907D6540}.Release|iPhoneSimulator.Deploy.0 = Release|iPhoneSimulator
		{2D0AB4EF-80A0-4A51-BA4D-A36191B5B254}.Debug|Any CPU.ActiveCfg = Debug|Any CPU
		{2D0AB4EF-80A0-4A51-BA4D-A36191B5B254}.Debug|Any CPU.Build.0 = Debug|Any CPU
		{2D0AB4EF-80A0-4A51-BA4D-A36191B5B254}.Debug|Any CPU.Deploy.0 = Debug|Any CPU
		{2D0AB4EF-80A0-4A51-BA4D-A36191B5B254}.Debug|iPhone.ActiveCfg = Debug|Any CPU
		{2D0AB4EF-80A0-4A51-BA4D-A36191B5B254}.Debug|iPhone.Build.0 = Debug|Any CPU
		{2D0AB4EF-80A0-4A51-BA4D-A36191B5B254}.Debug|iPhone.Deploy.0 = Debug|Any CPU
		{2D0AB4EF-80A0-4A51-BA4D-A36191B5B254}.Debug|iPhoneSimulator.ActiveCfg = Debug|Any CPU
		{2D0AB4EF-80A0-4A51-BA4D-A36191B5B254}.Debug|iPhoneSimulator.Build.0 = Debug|Any CPU
		{2D0AB4EF-80A0-4A51-BA4D-A36191B5B254}.Debug|iPhoneSimulator.Deploy.0 = Debug|Any CPU
		{2D0AB4EF-80A0-4A51-BA4D-A36191B5B254}.Release|Any CPU.ActiveCfg = Release|Any CPU
		{2D0AB4EF-80A0-4A51-BA4D-A36191B5B254}.Release|Any CPU.Build.0 = Release|Any CPU
		{2D0AB4EF-80A0-4A51-BA4D-A36191B5B254}.Release|Any CPU.Deploy.0 = Release|Any CPU
		{2D0AB4EF-80A0-4A51-BA4D-A36191B5B254}.Release|iPhone.ActiveCfg = Release|Any CPU
		{2D0AB4EF-80A0-4A51-BA4D-A36191B5B254}.Release|iPhone.Build.0 = Release|Any CPU
		{2D0AB4EF-80A0-4A51-BA4D-A36191B5B254}.Release|iPhone.Deploy.0 = Release|Any CPU
		{2D0AB4EF-80A0-4A51-BA4D-A36191B5B254}.Release|iPhoneSimulator.ActiveCfg = Release|Any CPU
		{2D0AB4EF-80A0-4A51-BA4D-A36191B5B254}.Release|iPhoneSimulator.Build.0 = Release|Any CPU
		{2D0AB4EF-80A0-4A51-BA4D-A36191B5B254}.Release|iPhoneSimulator.Deploy.0 = Release|Any CPU
	EndGlobalSection
	GlobalSection(SolutionProperties) = preSolution
		HideSolutionNode = FALSE
	EndGlobalSection
	GlobalSection(ExtensibilityGlobals) = postSolution
		SolutionGuid = {B54C00CA-5F45-4CCF-805D-7F80C9374C4E}
	EndGlobalSection
EndGlobal
